
Microsoft Visual Studio Solution File, Format Version 12.00
# Visual Studio 14
VisualStudioVersion = 14.0.24720.0
MinimumVisualStudioVersion = 10.0.40219.1
Project("{FAE04EC0-301F-11D3-BF4B-00C04F79EFBC}") = "BankProgramVer2", "BankProgramVer2\BankProgramVer2.csproj", "{15E71FA8-2A3E-4356-A837-A2BDF9D48118}"
EndProject
Global
	GlobalSection(SolutionConfigurationPlatforms) = preSolution
		Debug|Any CPU = Debug|Any CPU
		Release|Any CPU = Release|Any CPU
	EndGlobalSection
	GlobalSection(ProjectConfigurationPlatforms) = postSolution
		{15E71FA8-2A3E-4356-A837-A2BDF9D48118}.Debug|Any CPU.ActiveCfg = Debug|Any CPU
		{15E71FA8-2A3E-4356-A837-A2BDF9D48118}.Debug|Any CPU.Build.0 = Debug|Any CPU
		{15E71FA8-2A3E-4356-A837-A2BDF9D48118}.Release|Any CPU.ActiveCfg = Release|Any CPU
		{15E71FA8-2A3E-4356-A837-A2BDF9D48118}.Release|Any CPU.Build.0 = Release|Any CPU
	EndGlobalSection
	GlobalSection(SolutionProperties) = preSolution
		HideSolutionNode = FALSE
	EndGlobalSection
EndGlobal
